# This file is autogenerated, do not edit; changes may be undone by the next 'dep ensure'.


[[projects]]
  name = "github.com/google/uuid"
  packages = ["."]
  revision = "d460ce9f8df2e77fb1ba55ca87fafed96c607494"
  version = "v1.0.0"

[[projects]]
  name = "github.com/gorilla/context"
  packages = ["."]
  revision = "08b5f424b9271eedf6f9f0ce86cb9396ed337a42"
  version = "v1.1.1"

[[projects]]
  name = "github.com/gorilla/mux"
  packages = ["."]
  revision = "e3702bed27f0d39777b0b37b664b6280e8ef8fbf"
  version = "v1.6.2"

[[projects]]
  name = "github.com/gorilla/websocket"
  packages = ["."]
  revision = "66b9c49e59c6c48f0ffce28c2d8b8a5678502c6d"
  version = "v1.4.0"

[[projects]]
  branch = "master"
  name = "github.com/jrudio/go-plex-client"
  packages = ["."]
  revision = "cca52fbb057664ef87125c38923cac7fc7b04b7d"

[[projects]]
  branch = "master"
  name = "github.com/notbaab/plexdibella"
  packages = ["."]
  revision = "a8b238eef8a647e6ab736cc15f8c7633e16d3dce"

[solve-meta]
  analyzer-name = "dep"
  analyzer-version = 1
  inputs-digest = "1a00558f1b54a3e29176eec9c674eed9db1c9c1b2ad050e33ff55c51be897539"
  solver-name = "gps-cdcl"
  solver-version = 1
